// !$*UTF8*$!
{
	archiveVersion = 1;
	classes = {
	};
	objectVersion = 46;
	objects = {

/* Begin PBXBuildFile section */
		F46203D31B4537A4000B567C /* item.cpp in Sources */ = {isa = PBXBuildFile; fileRef = F46203D11B4537A4000B567C /* item.cpp */; };
		F46203D61B453811000B567C /* list.cpp in Sources */ = {isa = PBXBuildFile; fileRef = F46203D41B453811000B567C /* list.cpp */; };
		F46203D91B45588E000B567C /* printable.cpp in Sources */ = {isa = PBXBuildFile; fileRef = F46203D71B45588E000B567C /* printable.cpp */; };
		F4BF92301B442AE100BC63B1 /* main.cpp in Sources */ = {isa = PBXBuildFile; fileRef = F4BF922F1B442AE100BC63B1 /* main.cpp */; };
		F4BF92471B447FEB00BC63B1 /* account.cpp in Sources */ = {isa = PBXBuildFile; fileRef = F4BF92451B447FEB00BC63B1 /* account.cpp */; };
		F4BF924D1B44802100BC63B1 /* savings_account.cpp in Sources */ = {isa = PBXBuildFile; fileRef = F4BF924B1B44802100BC63B1 /* savings_account.cpp */; };
		F4BF92501B44802C00BC63B1 /* current_account.cpp in Sources */ = {isa = PBXBuildFile; fileRef = F4BF924E1B44802C00BC63B1 /* current_account.cpp */; };
		F4BF92531B44809900BC63B1 /* portfolio.cpp in Sources */ = {isa = PBXBuildFile; fileRef = F4BF92511B44809900BC63B1 /* portfolio.cpp */; };
		F4BF92561B44815D00BC63B1 /* combined_account.cpp in Sources */ = {isa = PBXBuildFile; fileRef = F4BF92541B44815D00BC63B1 /* combined_account.cpp */; };
		F4BF92591B44820400BC63B1 /* expression.cpp in Sources */ = {isa = PBXBuildFile; fileRef = F4BF92571B44820400BC63B1 /* expression.cpp */; };
/* End PBXBuildFile section */

/* Begin PBXCopyFilesBuildPhase section */
		F4BF922A1B442AE100BC63B1 /* CopyFiles */ = {
			isa = PBXCopyFilesBuildPhase;
			buildActionMask = 2147483647;
			dstPath = /usr/share/man/man1/;
			dstSubfolderSpec = 0;
			files = (
			);
			runOnlyForDeploymentPostprocessing = 1;
		};
/* End PBXCopyFilesBuildPhase section */

/* Begin PBXFileReference section */
		F46203D11B4537A4000B567C /* item.cpp */ = {isa = PBXFileReference; fileEncoding = 4; lastKnownFileType = sourcecode.cpp.cpp; path = item.cpp; sourceTree = "<group>"; };
		F46203D21B4537A4000B567C /* item.h */ = {isa = PBXFileReference; fileEncoding = 4; lastKnownFileType = sourcecode.c.h; path = item.h; sourceTree = "<group>"; };
		F46203D41B453811000B567C /* list.cpp */ = {isa = PBXFileReference; fileEncoding = 4; lastKnownFileType = sourcecode.cpp.cpp; path = list.cpp; sourceTree = "<group>"; };
		F46203D51B453811000B567C /* list.h */ = {isa = PBXFileReference; fileEncoding = 4; lastKnownFileType = sourcecode.c.h; path = list.h; sourceTree = "<group>"; };
		F46203D71B45588E000B567C /* printable.cpp */ = {isa = PBXFileReference; fileEncoding = 4; lastKnownFileType = sourcecode.cpp.cpp; path = printable.cpp; sourceTree = "<group>"; };
		F46203D81B45588E000B567C /* printable.h */ = {isa = PBXFileReference; fileEncoding = 4; lastKnownFileType = sourcecode.c.h; path = printable.h; sourceTree = "<group>"; };
		F4BF922C1B442AE100BC63B1 /* OOP_SE */ = {isa = PBXFileReference; explicitFileType = "compiled.mach-o.executable"; includeInIndex = 0; path = OOP_SE; sourceTree = BUILT_PRODUCTS_DIR; };
		F4BF922F1B442AE100BC63B1 /* main.cpp */ = {isa = PBXFileReference; lastKnownFileType = sourcecode.cpp.cpp; path = main.cpp; sourceTree = "<group>"; };
		F4BF92451B447FEB00BC63B1 /* account.cpp */ = {isa = PBXFileReference; fileEncoding = 4; lastKnownFileType = sourcecode.cpp.cpp; path = account.cpp; sourceTree = "<group>"; };
		F4BF92461B447FEB00BC63B1 /* account.h */ = {isa = PBXFileReference; fileEncoding = 4; lastKnownFileType = sourcecode.c.h; path = account.h; sourceTree = "<group>"; };
		F4BF924B1B44802100BC63B1 /* savings_account.cpp */ = {isa = PBXFileReference; fileEncoding = 4; lastKnownFileType = sourcecode.cpp.cpp; path = savings_account.cpp; sourceTree = "<group>"; };
		F4BF924C1B44802100BC63B1 /* savings_account.h */ = {isa = PBXFileReference; fileEncoding = 4; lastKnownFileType = sourcecode.c.h; path = savings_account.h; sourceTree = "<group>"; };
		F4BF924E1B44802C00BC63B1 /* current_account.cpp */ = {isa = PBXFileReference; fileEncoding = 4; lastKnownFileType = sourcecode.cpp.cpp; path = current_account.cpp; sourceTree = "<group>"; };
		F4BF924F1B44802C00BC63B1 /* current_account.h */ = {isa = PBXFileReference; fileEncoding = 4; lastKnownFileType = sourcecode.c.h; path = current_account.h; sourceTree = "<group>"; };
		F4BF92511B44809900BC63B1 /* portfolio.cpp */ = {isa = PBXFileReference; fileEncoding = 4; lastKnownFileType = sourcecode.cpp.cpp; path = portfolio.cpp; sourceTree = "<group>"; };
		F4BF92521B44809900BC63B1 /* portfolio.h */ = {isa = PBXFileReference; fileEncoding = 4; lastKnownFileType = sourcecode.c.h; path = portfolio.h; sourceTree = "<group>"; };
		F4BF92541B44815D00BC63B1 /* combined_account.cpp */ = {isa = PBXFileReference; fileEncoding = 4; lastKnownFileType = sourcecode.cpp.cpp; path = combined_account.cpp; sourceTree = "<group>"; };
		F4BF92551B44815D00BC63B1 /* combined_account.h */ = {isa = PBXFileReference; fileEncoding = 4; lastKnownFileType = sourcecode.c.h; path = combined_account.h; sourceTree = "<group>"; };
		F4BF92571B44820400BC63B1 /* expression.cpp */ = {isa = PBXFileReference; fileEncoding = 4; lastKnownFileType = sourcecode.cpp.cpp; path = expression.cpp; sourceTree = "<group>"; };
		F4BF92581B44820400BC63B1 /* expression.h */ = {isa = PBXFileReference; fileEncoding = 4; lastKnownFileType = sourcecode.c.h; path = expression.h; sourceTree = "<group>"; };
/* End PBXFileReference section */

/* Begin PBXFrameworksBuildPhase section */
		F4BF92291B442AE100BC63B1 /* Frameworks */ = {
			isa = PBXFrameworksBuildPhase;
			buildActionMask = 2147483647;
			files = (
			);
			runOnlyForDeploymentPostprocessing = 0;
		};
/* End PBXFrameworksBuildPhase section */

/* Begin PBXGroup section */
		F4BF92231B442AE100BC63B1 = {
			isa = PBXGroup;
			children = (
				F4BF922E1B442AE100BC63B1 /* OOP_SE */,
				F4BF922D1B442AE100BC63B1 /* Products */,
			);
			sourceTree = "<group>";
		};
		F4BF922D1B442AE100BC63B1 /* Products */ = {
			isa = PBXGroup;
			children = (
				F4BF922C1B442AE100BC63B1 /* OOP_SE */,
			);
			name = Products;
			sourceTree = "<group>";
		};
		F4BF922E1B442AE100BC63B1 /* OOP_SE */ = {
			isa = PBXGroup;
			children = (
				F4BF922F1B442AE100BC63B1 /* main.cpp */,
				F4BF92451B447FEB00BC63B1 /* account.cpp */,
				F4BF92461B447FEB00BC63B1 /* account.h */,
				F4BF924B1B44802100BC63B1 /* savings_account.cpp */,
				F4BF924C1B44802100BC63B1 /* savings_account.h */,
				F4BF924E1B44802C00BC63B1 /* current_account.cpp */,
				F4BF924F1B44802C00BC63B1 /* current_account.h */,
				F4BF92511B44809900BC63B1 /* portfolio.cpp */,
				F4BF92521B44809900BC63B1 /* portfolio.h */,
				F4BF92541B44815D00BC63B1 /* combined_account.cpp */,
				F4BF92551B44815D00BC63B1 /* combined_account.h */,
				F4BF92571B44820400BC63B1 /* expression.cpp */,
				F4BF92581B44820400BC63B1 /* expression.h */,
				F46203D11B4537A4000B567C /* item.cpp */,
				F46203D21B4537A4000B567C /* item.h */,
				F46203D41B453811000B567C /* list.cpp */,
				F46203D51B453811000B567C /* list.h */,
				F46203D71B45588E000B567C /* printable.cpp */,
				F46203D81B45588E000B567C /* printable.h */,
			);
			path = OOP_SE;
			sourceTree = "<group>";
		};
/* End PBXGroup section */

/* Begin PBXNativeTarget section */
		F4BF922B1B442AE100BC63B1 /* OOP_SE */ = {
			isa = PBXNativeTarget;
			buildConfigurationList = F4BF92331B442AE100BC63B1 /* Build configuration list for PBXNativeTarget "OOP_SE" */;
			buildPhases = (
				F4BF92281B442AE100BC63B1 /* Sources */,
				F4BF92291B442AE100BC63B1 /* Frameworks */,
				F4BF922A1B442AE100BC63B1 /* CopyFiles */,
			);
			buildRules = (
			);
			dependencies = (
			);
			name = OOP_SE;
			productName = OOP_SE;
			productReference = F4BF922C1B442AE100BC63B1 /* OOP_SE */;
			productType = "com.apple.product-type.tool";
		};
/* End PBXNativeTarget section */

/* Begin PBXProject section */
		F4BF92241B442AE100BC63B1 /* Project object */ = {
			isa = PBXProject;
			attributes = {
				LastUpgradeCheck = 0640;
				ORGANIZATIONNAME = "Miroslav Mironov";
				TargetAttributes = {
					F4BF922B1B442AE100BC63B1 = {
						CreatedOnToolsVersion = 6.4;
					};
				};
			};
			buildConfigurationList = F4BF92271B442AE100BC63B1 /* Build configuration list for PBXProject "OOP_SE" */;
			compatibilityVersion = "Xcode 3.2";
			developmentRegion = English;
			hasScannedForEncodings = 0;
			knownRegions = (
				en,
			);
			mainGroup = F4BF92231B442AE100BC63B1;
			productRefGroup = F4BF922D1B442AE100BC63B1 /* Products */;
			projectDirPath = "";
			projectRoot = "";
			targets = (
				F4BF922B1B442AE100BC63B1 /* OOP_SE */,
			);
		};
/* End PBXProject section */

/* Begin PBXSourcesBuildPhase section */
		F4BF92281B442AE100BC63B1 /* Sources */ = {
			isa = PBXSourcesBuildPhase;
			buildActionMask = 2147483647;
			files = (
				F46203D31B4537A4000B567C /* item.cpp in Sources */,
				F46203D91B45588E000B567C /* printable.cpp in Sources */,
				F4BF92531B44809900BC63B1 /* portfolio.cpp in Sources */,
				F46203D61B453811000B567C /* list.cpp in Sources */,
				F4BF92591B44820400BC63B1 /* expression.cpp in Sources */,
				F4BF92301B442AE100BC63B1 /* main.cpp in Sources */,
				F4BF92471B447FEB00BC63B1 /* account.cpp in Sources */,
				F4BF924D1B44802100BC63B1 /* savings_account.cpp in Sources */,
				F4BF92561B44815D00BC63B1 /* combined_account.cpp in Sources */,
				F4BF92501B44802C00BC63B1 /* current_account.cpp in Sources */,
			);
			runOnlyForDeploymentPostprocessing = 0;
		};
/* End PBXSourcesBuildPhase section */

/* Begin XCBuildConfiguration section */
		F4BF92311B442AE100BC63B1 /* Debug */ = {
			isa = XCBuildConfiguration;
			buildSettings = {
				ALWAYS_SEARCH_USER_PATHS = NO;
				CLANG_CXX_LANGUAGE_STANDARD = "gnu++0x";
				CLANG_CXX_LIBRARY = "libc++";
				CLANG_ENABLE_MODULES = YES;
				CLANG_ENABLE_OBJC_ARC = YES;
				CLANG_WARN_BOOL_CONVERSION = YES;
				CLANG_WARN_CONSTANT_CONVERSION = YES;
				CLANG_WARN_DIRECT_OBJC_ISA_USAGE = YES_ERROR;
				CLANG_WARN_EMPTY_BODY = YES;
				CLANG_WARN_ENUM_CONVERSION = YES;
				CLANG_WARN_INT_CONVERSION = YES;
				CLANG_WARN_OBJC_ROOT_CLASS = YES_ERROR;
				CLANG_WARN_UNREACHABLE_CODE = YES;
				CLANG_WARN__DUPLICATE_METHOD_MATCH = YES;
				COPY_PHASE_STRIP = NO;
				DEBUG_INFORMATION_FORMAT = dwarf;
				ENABLE_STRICT_OBJC_MSGSEND = YES;
				GCC_C_LANGUAGE_STANDARD = gnu99;
				GCC_DYNAMIC_NO_PIC = NO;
				GCC_NO_COMMON_BLOCKS = YES;
				GCC_OPTIMIZATION_LEVEL = 0;
				GCC_PREPROCESSOR_DEFINITIONS = (
					"DEBUG=1",
					"$(inherited)",
				);
				GCC_SYMBOLS_PRIVATE_EXTERN = NO;
				GCC_WARN_64_TO_32_BIT_CONVERSION = YES;
				GCC_WARN_ABOUT_RETURN_TYPE = YES_ERROR;
				GCC_WARN_UNDECLARED_SELECTOR = YES;
				GCC_WARN_UNINITIALIZED_AUTOS = YES_AGGRESSIVE;
				GCC_WARN_UNUSED_FUNCTION = YES;
				GCC_WARN_UNUSED_VARIABLE = YES;
				MACOSX_DEPLOYMENT_TARGET = 10.10;
				MTL_ENABLE_DEBUG_INFO = YES;
				ONLY_ACTIVE_ARCH = YES;
				SDKROOT = macosx;
			};
			name = Debug;
		};
		F4BF92321B442AE100BC63B1 /* Release */ = {
			isa = XCBuildConfiguration;
			buildSettings = {
				ALWAYS_SEARCH_USER_PATHS = NO;
				CLANG_CXX_LANGUAGE_STANDARD = "gnu++0x";
				CLANG_CXX_LIBRARY = "libc++";
				CLANG_ENABLE_MODULES = YES;
				CLANG_ENABLE_OBJC_ARC = YES;
				CLANG_WARN_BOOL_CONVERSION = YES;
				CLANG_WARN_CONSTANT_CONVERSION = YES;
				CLANG_WARN_DIRECT_OBJC_ISA_USAGE = YES_ERROR;
				CLANG_WARN_EMPTY_BODY = YES;
				CLANG_WARN_ENUM_CONVERSION = YES;
				CLANG_WARN_INT_CONVERSION = YES;
				CLANG_WARN_OBJC_ROOT_CLASS = YES_ERROR;
				CLANG_WARN_UNREACHABLE_CODE = YES;
				CLANG_WARN__DUPLICATE_METHOD_MATCH = YES;
				COPY_PHASE_STRIP = NO;
				DEBUG_INFORMATION_FORMAT = "dwarf-with-dsym";
				ENABLE_NS_ASSERTIONS = NO;
				ENABLE_STRICT_OBJC_MSGSEND = YES;
				GCC_C_LANGUAGE_STANDARD = gnu99;
				GCC_NO_COMMON_BLOCKS = YES;
				GCC_WARN_64_TO_32_BIT_CONVERSION = YES;
				GCC_WARN_ABOUT_RETURN_TYPE = YES_ERROR;
				GCC_WARN_UNDECLARED_SELECTOR = YES;
				GCC_WARN_UNINITIALIZED_AUTOS = YES_AGGRESSIVE;
				GCC_WARN_UNUSED_FUNCTION = YES;
				GCC_WARN_UNUSED_VARIABLE = YES;
				MACOSX_DEPLOYMENT_TARGET = 10.10;
				MTL_ENABLE_DEBUG_INFO = NO;
				SDKROOT = macosx;
			};
			name = Release;
		};
		F4BF92341B442AE100BC63B1 /* Debug */ = {
			isa = XCBuildConfiguration;
			buildSettings = {
				PRODUCT_NAME = "$(TARGET_NAME)";
			};
			name = Debug;
		};
		F4BF92351B442AE100BC63B1 /* Release */ = {
			isa = XCBuildConfiguration;
			buildSettings = {
				PRODUCT_NAME = "$(TARGET_NAME)";
			};
			name = Release;
		};
/* End XCBuildConfiguration section */

/* Begin XCConfigurationList section */
		F4BF92271B442AE100BC63B1 /* Build configuration list for PBXProject "OOP_SE" */ = {
			isa = XCConfigurationList;
			buildConfigurations = (
				F4BF92311B442AE100BC63B1 /* Debug */,
				F4BF92321B442AE100BC63B1 /* Release */,
			);
			defaultConfigurationIsVisible = 0;
			defaultConfigurationName = Release;
		};
		F4BF92331B442AE100BC63B1 /* Build configuration list for PBXNativeTarget "OOP_SE" */ = {
			isa = XCConfigurationList;
			buildConfigurations = (
				F4BF92341B442AE100BC63B1 /* Debug */,
				F4BF92351B442AE100BC63B1 /* Release */,
			);
			defaultConfigurationIsVisible = 0;
			defaultConfigurationName = Release;
		};
/* End XCConfigurationList section */
	};
	rootObject = F4BF92241B442AE100BC63B1 /* Project object */;
}
